{
    "_readme": [
        "This file locks the dependencies of your project to a known state",
        "Read more about it at https://getcomposer.org/doc/01-basic-usage.md#composer-lock-the-lock-file",
        "This file is @generated automatically"
    ],
    "hash": "c50a32e0d41ece6632c13247f35dc0d3",
    "content-hash": "dda771c430c08a2b4e1fd0495e3374ac",
    "packages": [],
    "packages-dev": [],
    "aliases": [],
    "minimum-stability": "stable",
    "stability-flags": [],
    "prefer-stable": false,
    "prefer-lowest": false,
    "platform": {
        "php": "~5.5.12",
        "ext-mysqli": "*",
        "ext-mysqlnd": "*",
        "ext-gd": "*"
    },
    "platform-dev": []
}
